;;;;;;;;;;;;;;;;;;;;;;;;;;;;;;;;;;;;;;;;;;;;;;;;;;;;;;;;;;;;;;;;;;;;;;;;;;;;;;;;
;; This is autogenerated by CLPM. Do not edit by hand.
;;;;;;;;;;;;;;;;;;;;;;;;;;;;;;;;;;;;;;;;;;;;;;;;;;;;;;;;;;;;;;;;;;;;;;;;;;;;;;;;

(:api-version "0.4")

;;;;;;;;;;;;;;;;;;;;;;;;;;;;;;;;;;;;;;;;;;;;;;;;;;;;;;;;;;;;;;;;;;;;;;;;;;;;;;;;
;; BEGIN SOURCES
;;;;;;;;;;;;;;;;;;;;;;;;;;;;;;;;;;;;;;;;;;;;;;;;;;;;;;;;;;;;;;;;;;;;;;;;;;;;;;;;

:sources
(:implicit-file :type :file-system :system-files ("tar-docs.asd"))
(:implicit-file :type :file-system :system-files ("tar-extract.asd"))
(:implicit-file :type :file-system :system-files ("tar-simple-extract.asd"))
(:implicit-file :type :file-system :system-files ("tar-common-extract.asd"))
(:implicit-file :type :file-system :system-files ("tar.asd"))
(:implicit-vcs :type :vcs :projects (("osicat" :github :path "daewok/osicat")))
(:implicit-vcs :type :vcs :projects
 (("cl-tar-file" :gitlab :host "gitlab.common-lisp.net" :path
   "cl-tar/cl-tar-file")))
("quicklisp" :url "https://quicklisp.common-lisp-project-index.org/" :type
 :ql-clpi)


;;;;;;;;;;;;;;;;;;;;;;;;;;;;;;;;;;;;;;;;;;;;;;;;;;;;;;;;;;;;;;;;;;;;;;;;;;;;;;;;
;; BEGIN REQUIREMENTS
;;;;;;;;;;;;;;;;;;;;;;;;;;;;;;;;;;;;;;;;;;;;;;;;;;;;;;;;;;;;;;;;;;;;;;;;;;;;;;;;

:requirements
(:asd-file :name "tar-docs.asd")
(:asd-file :name "tar-extract.asd")
(:asd-file :name "tar-simple-extract.asd")
(:asd-file :name "tar-common-extract.asd")
(:asd-file :name "tar.asd")
(:project :name "osicat" :branch "at-functions" :source :implicit-vcs)
(:project :name "cl-tar-file" :branch "main" :source :implicit-vcs)
(:system :name "flexi-streams")
(:system :name "str")
(:system :name "cl-fad")
(:system :name "ironclad")
(:system :name "cl-ppcre-unicode")
(:system :name "cl-ppcre")
(:system :name "swank")
(:system :name "closer-mop")
(:system :name "3bmd-ext-code-blocks")
(:system :name "3bmd")
(:system :name "40ants-doc-full")
(:system :name "pythonic-string-reader")
(:system :name "named-readtables")


;;;;;;;;;;;;;;;;;;;;;;;;;;;;;;;;;;;;;;;;;;;;;;;;;;;;;;;;;;;;;;;;;;;;;;;;;;;;;;;;
;; BEGIN RELEASES
;;;;;;;;;;;;;;;;;;;;;;;;;;;;;;;;;;;;;;;;;;;;;;;;;;;;;;;;;;;;;;;;;;;;;;;;;;;;;;;;

:releases
("3bmd" :version "2021-04-11" :source "quicklisp" :systems
 ("3bmd" "3bmd-ext-code-blocks"))
("alexandria" :version "2021-08-07" :source "quicklisp" :systems ("alexandria"))
("babel" :version "2020-09-25" :source "quicklisp" :systems ("babel"))
("bordeaux-threads" :version "2020-06-10" :source "quicklisp" :systems
 ("bordeaux-threads"))
("cffi" :version "2021-04-11" :source "quicklisp" :systems
 ("cffi" "cffi-grovel" "cffi-toolchain"))
("cl-change-case" :version "2021-04-11" :source "quicklisp" :systems
 ("cl-change-case"))
("cl-fad" :version "2021-01-24" :source "quicklisp" :systems ("cl-fad"))
("cl-ppcre" :version "2019-05-21" :source "quicklisp" :systems
 ("cl-ppcre" "cl-ppcre-unicode"))
("cl-str" :version "2021-05-31" :source "quicklisp" :systems ("str"))
("cl-tar-file" :version (:commit "46b1fa684f861aa5a8891073759e392008d7b8c8")
 :source :implicit-vcs :systems ("tar-file" "tar-file/test"))
("cl-unicode" :version "2021-02-28" :source "quicklisp" :systems ("cl-unicode"))
("closer-mop" :version "2021-08-07" :source "quicklisp" :systems ("closer-mop"))
("colorize" :version "2018-02-28" :source "quicklisp" :systems ("colorize"))
("doc" :version "2021-06-30" :source "quicklisp" :systems
 ("40ants-doc" "40ants-doc-full"))
("documentation-utils" :version "2019-07-11" :source "quicklisp" :systems
 ("documentation-utils"))
("esrap" :version "2020-12-20" :source "quicklisp" :systems ("esrap"))
("file-attributes" :version "2021-08-07" :source "quicklisp" :systems
 ("file-attributes"))
("flexi-streams" :version "2021-08-07" :source "quicklisp" :systems
 ("flexi-streams"))
("form-fiddle" :version "2019-07-11" :source "quicklisp" :systems
 ("form-fiddle"))
("html-encode" :version "2010-10-07" :source "quicklisp" :systems
 ("html-encode"))
("ironclad" :version "2021-04-11" :source "quicklisp" :systems ("ironclad"))
("local-time" :version "2021-01-24" :source "quicklisp" :systems ("local-time"))
("named-readtables" :version "2021-05-31" :source "quicklisp" :systems
 ("named-readtables"))
("osicat" :version (:commit "b9d3979e50269cdb949d798fcc32564937ae16c1") :source
 :implicit-vcs :systems ("osicat" "osicat/tests"))
("parachute" :version "2021-08-07" :source "quicklisp" :systems ("parachute"))
("pythonic-string-reader" :version "2018-07-11" :source "quicklisp" :systems
 ("pythonic-string-reader"))
("rt" :version "2010-10-07" :source "quicklisp" :systems ("rt"))
("slime" :version "2020-12-20" :source "quicklisp" :systems ("swank"))
("split-sequence" :version "2021-05-31" :source "quicklisp" :systems
 ("split-sequence"))
("tar-common-extract.asd" :version :newest :source :implicit-file :systems
 ("tar-common-extract"))
("tar-docs.asd" :version :newest :source :implicit-file :systems ("tar-docs"))
("tar-extract.asd" :version :newest :source :implicit-file :systems
 ("tar-extract" "tar-extract/test"))
("tar-simple-extract.asd" :version :newest :source :implicit-file :systems
 ("tar-simple-extract" "tar-simple-extract/test"))
("tar.asd" :version :newest :source :implicit-file :systems ("tar" "tar/test"))
("trivial-features" :version "2021-04-11" :source "quicklisp" :systems
 ("trivial-features"))
("trivial-gray-streams" :version "2021-01-24" :source "quicklisp" :systems
 ("trivial-gray-streams"))
("trivial-indent" :version "2021-05-31" :source "quicklisp" :systems
 ("trivial-indent"))
("trivial-with-current-source-form" :version "2021-06-30" :source "quicklisp"
 :systems ("trivial-with-current-source-form"))


;;;;;;;;;;;;;;;;;;;;;;;;;;;;;;;;;;;;;;;;;;;;;;;;;;;;;;;;;;;;;;;;;;;;;;;;;;;;;;;;
;; BEGIN REVERSE-DEPENDENCIES
;;;;;;;;;;;;;;;;;;;;;;;;;;;;;;;;;;;;;;;;;;;;;;;;;;;;;;;;;;;;;;;;;;;;;;;;;;;;;;;;

:reverse-dependencies
("3bmd" ((:system :name "3bmd-ext-code-blocks") (:system :name "3bmd"))
 (t (:system :name "3bmd")) (t (:system :name "3bmd-ext-code-blocks")))

("alexandria"
 ((:system :name "trivial-with-current-source-form")
  (:system :name "alexandria"))
 ((:system :name "tar-file") (:system :name "alexandria"))
 ((:system :name "tar-extract") (:system :name "alexandria"))
 ((:system :name "tar") (:system :name "alexandria"))
 ((:system :name "osicat") (:system :name "alexandria"))
 ((:system :name "esrap") (:system :name "alexandria"))
 ((:system :name "colorize") (:system :name "alexandria"))
 ((:system :name "cl-fad") (:system :name "alexandria"))
 ((:system :name "cffi-grovel") (:system :name "alexandria"))
 ((:system :name "cffi") (:system :name "alexandria"))
 ((:system :name "bordeaux-threads") (:system :name "alexandria"))
 ((:system :name "babel") (:system :name "alexandria"))
 ((:system :name "3bmd-ext-code-blocks") (:system :name "alexandria"))
 ((:system :name "3bmd") (:system :name "alexandria")))

("babel" ((:system :name "tar-file") (:system :name "babel"))
 ((:system :name "tar-extract") (:system :name "babel"))
 ((:system :name "tar") (:system :name "babel"))
 ((:system :name "cffi") (:system :name "babel")))

("bordeaux-threads"
 ((:system :name "ironclad") (:system :name "bordeaux-threads"))
 ((:system :name "cl-fad") (:system :name "bordeaux-threads")))

("cffi" ((:system :name "tar-extract") (:system :name "cffi"))
 ((:system :name "osicat/tests") (:system :name "cffi-grovel"))
 ((:system :name "osicat") (:system :name "cffi"))
 ((:system :name "osicat") (:system :name "cffi-grovel"))
 ((:system :name "osicat") (:system :name "cffi-grovel"))
 ((:system :name "file-attributes") (:system :name "cffi"))
 ((:system :name "cffi-toolchain") (:system :name "cffi"))
 ((:system :name "cffi-grovel") (:system :name "cffi"))
 ((:system :name "cffi-grovel") (:system :name "cffi-toolchain")))

("cl-change-case" ((:system :name "str") (:system :name "cl-change-case")))

("cl-fad" (t (:system :name "cl-fad")))

("cl-ppcre" ((:system :name "str") (:system :name "cl-ppcre"))
 ((:system :name "str") (:system :name "cl-ppcre-unicode"))
 ((:system :name "cl-unicode") (:system :name "cl-ppcre"))
 ((:system :name "cl-ppcre-unicode") (:system :name "cl-ppcre"))
 ((:system :name "cl-change-case") (:system :name "cl-ppcre"))
 ((:system :name "cl-change-case") (:system :name "cl-ppcre-unicode"))
 (t (:system :name "cl-ppcre-unicode")) (t (:system :name "cl-ppcre")))

("cl-str" (t (:system :name "str")))

("cl-tar-file" ((:system :name "tar-file/test") (:system :name "tar-file"))
 ((:system :name "tar") (:system :name "tar-file"))
 (t (:project :name "cl-tar-file" :branch "main" :source :implicit-vcs)))

("cl-unicode" ((:system :name "cl-ppcre-unicode") (:system :name "cl-unicode")))

("closer-mop" (t (:system :name "closer-mop")))

("colorize" ((:system :name "3bmd-ext-code-blocks") (:system :name "colorize")))

("doc" ((:system :name "tar-simple-extract") (:system :name "40ants-doc"))
 ((:system :name "tar-file") (:system :name "40ants-doc"))
 ((:system :name "tar-extract") (:system :name "40ants-doc"))
 ((:system :name "tar-docs") (:system :name "40ants-doc"))
 ((:system :name "tar-common-extract") (:system :name "40ants-doc"))
 ((:system :name "tar") (:system :name "40ants-doc"))
 (t (:system :name "40ants-doc-full")))

("documentation-utils"
 ((:system :name "parachute") (:system :name "documentation-utils"))
 ((:system :name "form-fiddle") (:system :name "documentation-utils"))
 ((:system :name "file-attributes") (:system :name "documentation-utils")))

("esrap" ((:system :name "3bmd") (:system :name "esrap")))

("file-attributes"
 ((:system :name "tar-extract") (:system :name "file-attributes")))

("flexi-streams" (t (:system :name "flexi-streams")))

("form-fiddle" ((:system :name "parachute") (:system :name "form-fiddle")))

("html-encode" ((:system :name "colorize") (:system :name "html-encode")))

("ironclad" (t (:system :name "ironclad")))

("local-time"
 ((:system :name "tar-simple-extract") (:system :name "local-time"))
 ((:system :name "tar-extract") (:system :name "local-time"))
 ((:system :name "tar") (:system :name "local-time")))

("named-readtables"
 ((:system :name "pythonic-string-reader") (:system :name "named-readtables"))
 (t (:system :name "named-readtables")))

("osicat" ((:system :name "tar-simple-extract/test") (:system :name "osicat"))
 ((:system :name "tar-extract") (:system :name "osicat"))
 ((:system :name "osicat/tests") (:system :name "osicat"))
 (t (:project :name "osicat" :branch "at-functions" :source :implicit-vcs)))

("parachute" ((:system :name "tar/test") (:system :name "parachute"))
 ((:system :name "tar-simple-extract/test") (:system :name "parachute"))
 ((:system :name "tar-file/test") (:system :name "parachute"))
 ((:system :name "tar-extract/test") (:system :name "parachute")))

("pythonic-string-reader" (t (:system :name "pythonic-string-reader")))

("rt" ((:system :name "osicat/tests") (:system :name "rt")))

("slime" (t (:system :name "swank")))

("split-sequence"
 ((:system :name "tar-extract") (:system :name "split-sequence"))
 ((:system :name "tar-common-extract") (:system :name "split-sequence"))
 ((:system :name "tar") (:system :name "split-sequence"))
 ((:system :name "colorize") (:system :name "split-sequence"))
 ((:system :name "3bmd-ext-code-blocks") (:system :name "split-sequence"))
 ((:system :name "3bmd") (:system :name "split-sequence")))

("tar-common-extract.asd"
 ((:system :name "tar-simple-extract") (:system :name "tar-common-extract"))
 ((:system :name "tar-extract") (:system :name "tar-common-extract"))
 (t (:asd-file :name "tar-common-extract.asd")))

("tar-docs.asd" (t (:asd-file :name "tar-docs.asd")))

("tar-extract.asd"
 ((:system :name "tar-extract/test") (:system :name "tar-extract"))
 ((:system :name "tar-docs") (:system :name "tar-extract"))
 (t (:asd-file :name "tar-extract.asd")))

("tar-simple-extract.asd"
 ((:system :name "tar-simple-extract/test")
  (:system :name "tar-simple-extract"))
 ((:system :name "tar-docs") (:system :name "tar-simple-extract"))
 (t (:asd-file :name "tar-simple-extract.asd")))

("tar.asd" ((:system :name "tar/test") (:system :name "tar"))
 ((:system :name "tar-simple-extract") (:system :name "tar"))
 ((:system :name "tar-extract") (:system :name "tar"))
 ((:system :name "tar-docs") (:system :name "tar"))
 ((:system :name "tar-common-extract") (:system :name "tar"))
 (t (:asd-file :name "tar.asd")))

("trivial-features"
 ((:system :name "osicat/tests") (:system :name "trivial-features"))
 ((:system :name "osicat") (:system :name "trivial-features"))
 ((:system :name "osicat") (:system :name "trivial-features"))
 ((:system :name "file-attributes") (:system :name "trivial-features"))
 ((:system :name "cffi") (:system :name "trivial-features"))
 ((:system :name "babel") (:system :name "trivial-features")))

("trivial-gray-streams"
 ((:system :name "tar-file") (:system :name "trivial-gray-streams"))
 ((:system :name "flexi-streams") (:system :name "trivial-gray-streams")))

("trivial-indent"
 ((:system :name "documentation-utils") (:system :name "trivial-indent")))

("trivial-with-current-source-form"
 ((:system :name "esrap") (:system :name "trivial-with-current-source-form")))

